
Microsoft Visual Studio Solution File, Format Version 12.00
# Visual Studio Version 17
VisualStudioVersion = 17.11.35312.102
MinimumVisualStudioVersion = 10.0.40219.1
Project("{FAE04EC0-301F-11D3-BF4B-00C04F79EFBC}") = "Lab6", "Lab6\Lab6.csproj", "{827EFA83-87BF-4809-82CB-4A1A0B53AB52}"
EndProject
Global
	GlobalSection(SolutionConfigurationPlatforms) = preSolution
		Debug|Any CPU = Debug|Any CPU
		Release|Any CPU = Release|Any CPU
	EndGlobalSection
	GlobalSection(ProjectConfigurationPlatforms) = postSolution
		{827EFA83-87BF-4809-82CB-4A1A0B53AB52}.Debug|Any CPU.ActiveCfg = Debug|Any CPU
		{827EFA83-87BF-4809-82CB-4A1A0B53AB52}.Debug|Any CPU.Build.0 = Debug|Any CPU
		{827EFA83-87BF-4809-82CB-4A1A0B53AB52}.Release|Any CPU.ActiveCfg = Release|Any CPU
		{827EFA83-87BF-4809-82CB-4A1A0B53AB52}.Release|Any CPU.Build.0 = Release|Any CPU
	EndGlobalSection
	GlobalSection(SolutionProperties) = preSolution
		HideSolutionNode = FALSE
	EndGlobalSection
	GlobalSection(ExtensibilityGlobals) = postSolution
		SolutionGuid = {794C6F9A-2419-40B8-BA8F-C4F8A8367174}
	EndGlobalSection
EndGlobal
